// !$*UTF8*$!
{
	archiveVersion = 1;
	classes = {
	};
	objectVersion = 77;
	objects = {

/* Begin PBXBuildFile section */
		2231CB192FBEB2FC008D3C43 /* CLAUDE.MD in Resources */ = {isa = PBXBuildFile; fileRef = 2231CB182FBEB2F6008D3C43 /* CLAUDE.MD */; };
		AAAA000000000000000000C1 /* Automerge in Frameworks */ = {isa = PBXBuildFile; productRef = AAAA000000000000000000B1 /* Automerge */; };
		AAAA000000000000000000C2 /* Automerge in Frameworks */ = {isa = PBXBuildFile; productRef = AAAA000000000000000000B2 /* Automerge */; };
/* End PBXBuildFile section */

/* Begin PBXContainerItemProxy section */
		2231CAFC2FBEB1CA008D3C43 /* PBXContainerItemProxy */ = {
			isa = PBXContainerItemProxy;
			containerPortal = 2231CAE22FBEB1C8008D3C43 /* Project object */;
			proxyType = 1;
			remoteGlobalIDString = 2231CAE92FBEB1C8008D3C43;
			remoteInfo = flow;
		};
		2231CB062FBEB1CA008D3C43 /* PBXContainerItemProxy */ = {
			isa = PBXContainerItemProxy;
			containerPortal = 2231CAE22FBEB1C8008D3C43 /* Project object */;
			proxyType = 1;
			remoteGlobalIDString = 2231CAE92FBEB1C8008D3C43;
			remoteInfo = flow;
		};
/* End PBXContainerItemProxy section */

/* Begin PBXFileReference section */
		2231CAEA2FBEB1C8008D3C43 /* flow.app */ = {isa = PBXFileReference; explicitFileType = wrapper.application; includeInIndex = 0; path = flow.app; sourceTree = BUILT_PRODUCTS_DIR; };
		2231CAFB2FBEB1CA008D3C43 /* flowTests.xctest */ = {isa = PBXFileReference; explicitFileType = wrapper.cfbundle; includeInIndex = 0; path = flowTests.xctest; sourceTree = BUILT_PRODUCTS_DIR; };
		2231CB052FBEB1CA008D3C43 /* flowUITests.xctest */ = {isa = PBXFileReference; explicitFileType = wrapper.cfbundle; includeInIndex = 0; path = flowUITests.xctest; sourceTree = BUILT_PRODUCTS_DIR; };
		2231CB182FBEB2F6008D3C43 /* CLAUDE.MD */ = {isa = PBXFileReference; lastKnownFileType = net.daringfireball.markdown; path = CLAUDE.MD; sourceTree = "<group>"; };
/* End PBXFileReference section */

/* Begin PBXFileSystemSynchronizedRootGroup section */
		2231CAEC2FBEB1C8008D3C43 /* flow */ = {
			isa = PBXFileSystemSynchronizedRootGroup;
			path = flow;
			sourceTree = "<group>";
		};
		2231CAFE2FBEB1CA008D3C43 /* flowTests */ = {
			isa = PBXFileSystemSynchronizedRootGroup;
			path = flowTests;
			sourceTree = "<group>";
		};
		2231CB082FBEB1CA008D3C43 /* flowUITests */ = {
			isa = PBXFileSystemSynchronizedRootGroup;
			path = flowUITests;
			sourceTree = "<group>";
		};
/* End PBXFileSystemSynchronizedRootGroup section */

/* Begin PBXFrameworksBuildPhase section */
		2231CAE72FBEB1C8008D3C43 /* Frameworks */ = {
			isa = PBXFrameworksBuildPhase;
			buildActionMask = 2147483647;
			files = (
				AAAA000000000000000000C1 /* Automerge in Frameworks */,
			);
			runOnlyForDeploymentPostprocessing = 0;
		};
		2231CAF82FBEB1CA008D3C43 /* Frameworks */ = {
			isa = PBXFrameworksBuildPhase;
			buildActionMask = 2147483647;
			files = (
				AAAA000000000000000000C2 /* Automerge in Frameworks */,
			);
			runOnlyForDeploymentPostprocessing = 0;
		};
		2231CB022FBEB1CA008D3C43 /* Frameworks */ = {
			isa = PBXFrameworksBuildPhase;
			buildActionMask = 2147483647;
			files = (
			);
			runOnlyForDeploymentPostprocessing = 0;
		};
/* End PBXFrameworksBuildPhase section */

/* Begin PBXGroup section */
		2231CAE12FBEB1C8008D3C43 = {
			isa = PBXGroup;
			children = (
				2231CB182FBEB2F6008D3C43 /* CLAUDE.MD */,
				2231CAEC2FBEB1C8008D3C43 /* flow */,
				2231CAFE2FBEB1CA008D3C43 /* flowTests */,
				2231CB082FBEB1CA008D3C43 /* flowUITests */,
				2231CAEB2FBEB1C8008D3C43 /* Products */,
			);
			sourceTree = "<group>";
		};
		2231CAEB2FBEB1C8008D3C43 /* Products */ = {
			isa = PBXGroup;
			children = (
				2231CAEA2FBEB1C8008D3C43 /* flow.app */,
				2231CAFB2FBEB1CA008D3C43 /* flowTests.xctest */,
				2231CB052FBEB1CA008D3C43 /* flowUITests.xctest */,
			);
			name = Products;
			sourceTree = "<group>";
		};
/* End PBXGroup section */

/* Begin PBXNativeTarget section */
		2231CAE92FBEB1C8008D3C43 /* flow */ = {
			isa = PBXNativeTarget;
			buildConfigurationList = 2231CB0F2FBEB1CA008D3C43 /* Build configuration list for PBXNativeTarget "flow" */;
			buildPhases = (
				2231CAE62FBEB1C8008D3C43 /* Sources */,
				2231CAE72FBEB1C8008D3C43 /* Frameworks */,
				2231CAE82FBEB1C8008D3C43 /* Resources */,
			);
			buildRules = (
			);
			dependencies = (
			);
			fileSystemSynchronizedGroups = (
				2231CAEC2FBEB1C8008D3C43 /* flow */,
			);
			name = flow;
			packageProductDependencies = (
				AAAA000000000000000000B1 /* Automerge */,
			);
			productName = flow;
			productReference = 2231CAEA2FBEB1C8008D3C43 /* flow.app */;
			productType = "com.apple.product-type.application";
		};
		2231CAFA2FBEB1CA008D3C43 /* flowTests */ = {
			isa = PBXNativeTarget;
			buildConfigurationList = 2231CB122FBEB1CA008D3C43 /* Build configuration list for PBXNativeTarget "flowTests" */;
			buildPhases = (
				2231CAF72FBEB1CA008D3C43 /* Sources */,
				2231CAF82FBEB1CA008D3C43 /* Frameworks */,
				2231CAF92FBEB1CA008D3C43 /* Resources */,
			);
			buildRules = (
			);
			dependencies = (
				2231CAFD2FBEB1CA008D3C43 /* PBXTargetDependency */,
			);
			fileSystemSynchronizedGroups = (
				2231CAFE2FBEB1CA008D3C43 /* flowTests */,
			);
			name = flowTests;
			packageProductDependencies = (
				AAAA000000000000000000B2 /* Automerge */,
			);
			productName = flowTests;
			productReference = 2231CAFB2FBEB1CA008D3C43 /* flowTests.xctest */;
			productType = "com.apple.product-type.bundle.unit-test";
		};
		2231CB042FBEB1CA008D3C43 /* flowUITests */ = {
			isa = PBXNativeTarget;
			buildConfigurationList = 2231CB152FBEB1CA008D3C43 /* Build configuration list for PBXNativeTarget "flowUITests" */;
			buildPhases = (
				2231CB012FBEB1CA008D3C43 /* Sources */,
				2231CB022FBEB1CA008D3C43 /* Frameworks */,
				2231CB032FBEB1CA008D3C43 /* Resources */,
			);
			buildRules = (
			);
			dependencies = (
				2231CB072FBEB1CA008D3C43 /* PBXTargetDependency */,
			);
			fileSystemSynchronizedGroups = (
				2231CB082FBEB1CA008D3C43 /* flowUITests */,
			);
			name = flowUITests;
			packageProductDependencies = (
			);
			productName = flowUITests;
			productReference = 2231CB052FBEB1CA008D3C43 /* flowUITests.xctest */;
			productType = "com.apple.product-type.bundle.ui-testing";
		};
/* End PBXNativeTarget section */

/* Begin PBXProject section */
		2231CAE22FBEB1C8008D3C43 /* Project object */ = {
			isa = PBXProject;
			attributes = {
				BuildIndependentTargetsInParallel = 1;
				LastSwiftUpdateCheck = 1620;
				LastUpgradeCheck = 1620;
				TargetAttributes = {
					2231CAE92FBEB1C8008D3C43 = {
						CreatedOnToolsVersion = 16.2;
					};
					2231CAFA2FBEB1CA008D3C43 = {
						CreatedOnToolsVersion = 16.2;
						TestTargetID = 2231CAE92FBEB1C8008D3C43;
					};
					2231CB042FBEB1CA008D3C43 = {
						CreatedOnToolsVersion = 16.2;
						TestTargetID = 2231CAE92FBEB1C8008D3C43;
					};
				};
			};
			buildConfigurationList = 2231CAE52FBEB1C8008D3C43 /* Build configuration list for PBXProject "flow" */;
			developmentRegion = en;
			hasScannedForEncodings = 0;
			knownRegions = (
				en,
				Base,
			);
			mainGroup = 2231CAE12FBEB1C8008D3C43;
			minimizedProjectReferenceProxies = 1;
			packageReferences = (
				AAAA000000000000000000A1 /* XCRemoteSwiftPackageReference "automerge-swift" */,
			);
			preferredProjectObjectVersion = 77;
			productRefGroup = 2231CAEB2FBEB1C8008D3C43 /* Products */;
			projectDirPath = "";
			projectRoot = "";
			targets = (
				2231CAE92FBEB1C8008D3C43 /* flow */,
				2231CAFA2FBEB1CA008D3C43 /* flowTests */,
				2231CB042FBEB1CA008D3C43 /* flowUITests */,
			);
		};
/* End PBXProject section */

/* Begin PBXResourcesBuildPhase section */
		2231CAE82FBEB1C8008D3C43 /* Resources */ = {
			isa = PBXResourcesBuildPhase;
			buildActionMask = 2147483647;
			files = (
				2231CB192FBEB2FC008D3C43 /* CLAUDE.MD in Resources */,
			);
			runOnlyForDeploymentPostprocessing = 0;
		};
		2231CAF92FBEB1CA008D3C43 /* Resources */ = {
			isa = PBXResourcesBuildPhase;
			buildActionMask = 2147483647;
			files = (
			);
			runOnlyForDeploymentPostprocessing = 0;
		};
		2231CB032FBEB1CA008D3C43 /* Resources */ = {
			isa = PBXResourcesBuildPhase;
			buildActionMask = 2147483647;
			files = (
			);
			runOnlyForDeploymentPostprocessing = 0;
		};
/* End PBXResourcesBuildPhase section */

/* Begin PBXSourcesBuildPhase section */
		2231CAE62FBEB1C8008D3C43 /* Sources */ = {
			isa = PBXSourcesBuildPhase;
			buildActionMask = 2147483647;
			files = (
			);
			runOnlyForDeploymentPostprocessing = 0;
		};
		2231CAF72FBEB1CA008D3C43 /* Sources */ = {
			isa = PBXSourcesBuildPhase;
			buildActionMask = 2147483647;
			files = (
			);
			runOnlyForDeploymentPostprocessing = 0;
		};
		2231CB012FBEB1CA008D3C43 /* Sources */ = {
			isa = PBXSourcesBuildPhase;
			buildActionMask = 2147483647;
			files = (
			);
			runOnlyForDeploymentPostprocessing = 0;
		};
/* End PBXSourcesBuildPhase section */

/* Begin PBXTargetDependency section */
		2231CAFD2FBEB1CA008D3C43 /* PBXTargetDependency */ = {
			isa = PBXTargetDependency;
			target = 2231CAE92FBEB1C8008D3C43 /* flow */;
			targetProxy = 2231CAFC2FBEB1CA008D3C43 /* PBXContainerItemProxy */;
		};
		2231CB072FBEB1CA008D3C43 /* PBXTargetDependency */ = {
			isa = PBXTargetDependency;
			target = 2231CAE92FBEB1C8008D3C43 /* flow */;
			targetProxy = 2231CB062FBEB1CA008D3C43 /* PBXContainerItemProxy */;
		};
/* End PBXTargetDependency section */

/* Begin XCBuildConfiguration section */
		2231CB0D2FBEB1CA008D3C43 /* Debug */ = {
			isa = XCBuildConfiguration;
			buildSettings = {
				ALWAYS_SEARCH_USER_PATHS = NO;
				ASSETCATALOG_COMPILER_GENERATE_SWIFT_ASSET_SYMBOL_EXTENSIONS = YES;
				CLANG_ANALYZER_NONNULL = YES;
				CLANG_ANALYZER_NUMBER_OBJECT_CONVERSION = YES_AGGRESSIVE;
				CLANG_CXX_LANGUAGE_STANDARD = "gnu++20";
				CLANG_ENABLE_MODULES = YES;
				CLANG_ENABLE_OBJC_ARC = YES;
				CLANG_ENABLE_OBJC_WEAK = YES;
				CLANG_WARN_BLOCK_CAPTURE_AUTORELEASING = YES;
				CLANG_WARN_BOOL_CONVERSION = YES;
				CLANG_WARN_COMMA = YES;
				CLANG_WARN_CONSTANT_CONVERSION = YES;
				CLANG_WARN_DEPRECATED_OBJC_IMPLEMENTATIONS = YES;
				CLANG_WARN_DIRECT_OBJC_ISA_USAGE = YES_ERROR;
				CLANG_WARN_DOCUMENTATION_COMMENTS = YES;
				CLANG_WARN_EMPTY_BODY = YES;
				CLANG_WARN_ENUM_CONVERSION = YES;
				CLANG_WARN_INFINITE_RECURSION = YES;
				CLANG_WARN_INT_CONVERSION = YES;
				CLANG_WARN_NON_LITERAL_NULL_CONVERSION = YES;
				CLANG_WARN_OBJC_IMPLICIT_RETAIN_SELF = YES;
				CLANG_WARN_OBJC_LITERAL_CONVERSION = YES;
				CLANG_WARN_OBJC_ROOT_CLASS = YES_ERROR;
				CLANG_WARN_QUOTED_INCLUDE_IN_FRAMEWORK_HEADER = YES;
				CLANG_WARN_RANGE_LOOP_ANALYSIS = YES;
				CLANG_WARN_STRICT_PROTOTYPES = YES;
				CLANG_WARN_SUSPICIOUS_MOVE = YES;
				CLANG_WARN_UNGUARDED_AVAILABILITY = YES_AGGRESSIVE;
				CLANG_WARN_UNREACHABLE_CODE = YES;
				CLANG_WARN__DUPLICATE_METHOD_MATCH = YES;
				COPY_PHASE_STRIP = NO;
				DEBUG_INFORMATION_FORMAT = dwarf;
				ENABLE_STRICT_OBJC_MSGSEND = YES;
				ENABLE_TESTABILITY = YES;
				ENABLE_USER_SCRIPT_SANDBOXING = YES;
				GCC_C_LANGUAGE_STANDARD = gnu17;
				GCC_DYNAMIC_NO_PIC = NO;
				GCC_NO_COMMON_BLOCKS = YES;
				GCC_OPTIMIZATION_LEVEL = 0;
				GCC_PREPROCESSOR_DEFINITIONS = (
					"DEBUG=1",
					"$(inherited)",
				);
				GCC_WARN_64_TO_32_BIT_CONVERSION = YES;
				GCC_WARN_ABOUT_RETURN_TYPE = YES_ERROR;
				GCC_WARN_UNDECLARED_SELECTOR = YES;
				GCC_WARN_UNINITIALIZED_AUTOS = YES_AGGRESSIVE;
				GCC_WARN_UNUSED_FUNCTION = YES;
				GCC_WARN_UNUSED_VARIABLE = YES;
				LOCALIZATION_PREFERS_STRING_CATALOGS = YES;
				MTL_ENABLE_DEBUG_INFO = INCLUDE_SOURCE;
				MTL_FAST_MATH = YES;
				ONLY_ACTIVE_ARCH = YES;
				SWIFT_ACTIVE_COMPILATION_CONDITIONS = "DEBUG $(inherited)";
				SWIFT_OPTIMIZATION_LEVEL = "-Onone";
			};
			name = Debug;
		};
		2231CB0E2FBEB1CA008D3C43 /* Release */ = {
			isa = XCBuildConfiguration;
			buildSettings = {
				ALWAYS_SEARCH_USER_PATHS = NO;
				ASSETCATALOG_COMPILER_GENERATE_SWIFT_ASSET_SYMBOL_EXTENSIONS = YES;
				CLANG_ANALYZER_NONNULL = YES;
				CLANG_ANALYZER_NUMBER_OBJECT_CONVERSION = YES_AGGRESSIVE;
				CLANG_CXX_LANGUAGE_STANDARD = "gnu++20";
				CLANG_ENABLE_MODULES = YES;
				CLANG_ENABLE_OBJC_ARC = YES;
				CLANG_ENABLE_OBJC_WEAK = YES;
				CLANG_WARN_BLOCK_CAPTURE_AUTORELEASING = YES;
				CLANG_WARN_BOOL_CONVERSION = YES;
				CLANG_WARN_COMMA = YES;
				CLANG_WARN_CONSTANT_CONVERSION = YES;
				CLANG_WARN_DEPRECATED_OBJC_IMPLEMENTATIONS = YES;
				CLANG_WARN_DIRECT_OBJC_ISA_USAGE = YES_ERROR;
				CLANG_WARN_DOCUMENTATION_COMMENTS = YES;
				CLANG_WARN_EMPTY_BODY = YES;
				CLANG_WARN_ENUM_CONVERSION = YES;
				CLANG_WARN_INFINITE_RECURSION = YES;
				CLANG_WARN_INT_CONVERSION = YES;
				CLANG_WARN_NON_LITERAL_NULL_CONVERSION = YES;
				CLANG_WARN_OBJC_IMPLICIT_RETAIN_SELF = YES;
				CLANG_WARN_OBJC_LITERAL_CONVERSION = YES;
				CLANG_WARN_OBJC_ROOT_CLASS = YES_ERROR;
				CLANG_WARN_QUOTED_INCLUDE_IN_FRAMEWORK_HEADER = YES;
				CLANG_WARN_RANGE_LOOP_ANALYSIS = YES;
				CLANG_WARN_STRICT_PROTOTYPES = YES;
				CLANG_WARN_SUSPICIOUS_MOVE = YES;
				CLANG_WARN_UNGUARDED_AVAILABILITY = YES_AGGRESSIVE;
				CLANG_WARN_UNREACHABLE_CODE = YES;
				CLANG_WARN__DUPLICATE_METHOD_MATCH = YES;
				COPY_PHASE_STRIP = NO;
				DEBUG_INFORMATION_FORMAT = "dwarf-with-dsym";
				ENABLE_NS_ASSERTIONS = NO;
				ENABLE_STRICT_OBJC_MSGSEND = YES;
				ENABLE_USER_SCRIPT_SANDBOXING = YES;
				GCC_C_LANGUAGE_STANDARD = gnu17;
				GCC_NO_COMMON_BLOCKS = YES;
				GCC_WARN_64_TO_32_BIT_CONVERSION = YES;
				GCC_WARN_ABOUT_RETURN_TYPE = YES_ERROR;
				GCC_WARN_UNDECLARED_SELECTOR = YES;
				GCC_WARN_UNINITIALIZED_AUTOS = YES_AGGRESSIVE;
				GCC_WARN_UNUSED_FUNCTION = YES;
				GCC_WARN_UNUSED_VARIABLE = YES;
				LOCALIZATION_PREFERS_STRING_CATALOGS = YES;
				MTL_ENABLE_DEBUG_INFO = NO;
				MTL_FAST_MATH = YES;
				SWIFT_COMPILATION_MODE = wholemodule;
			};
			name = Release;
		};
		2231CB102FBEB1CA008D3C43 /* Debug */ = {
			isa = XCBuildConfiguration;
			buildSettings = {
				ASSETCATALOG_COMPILER_APPICON_NAME = AppIcon;
				ASSETCATALOG_COMPILER_GLOBAL_ACCENT_COLOR_NAME = AccentColor;
				CODE_SIGN_ENTITLEMENTS = flow/flow.entitlements;
				CODE_SIGN_STYLE = Automatic;
				CURRENT_PROJECT_VERSION = 1;
				DEVELOPMENT_ASSET_PATHS = "\"flow/Preview Content\"";
				ENABLE_PREVIEWS = YES;
				GENERATE_INFOPLIST_FILE = YES;
				"INFOPLIST_KEY_UIApplicationSceneManifest_Generation[sdk=iphoneos*]" = YES;
				"INFOPLIST_KEY_UIApplicationSceneManifest_Generation[sdk=iphonesimulator*]" = YES;
				"INFOPLIST_KEY_UIApplicationSupportsIndirectInputEvents[sdk=iphoneos*]" = YES;
				"INFOPLIST_KEY_UIApplicationSupportsIndirectInputEvents[sdk=iphonesimulator*]" = YES;
				"INFOPLIST_KEY_UILaunchScreen_Generation[sdk=iphoneos*]" = YES;
				"INFOPLIST_KEY_UILaunchScreen_Generation[sdk=iphonesimulator*]" = YES;
				"INFOPLIST_KEY_UIStatusBarStyle[sdk=iphoneos*]" = UIStatusBarStyleDefault;
				"INFOPLIST_KEY_UIStatusBarStyle[sdk=iphonesimulator*]" = UIStatusBarStyleDefault;
				INFOPLIST_KEY_UISupportedInterfaceOrientations_iPad = "UIInterfaceOrientationPortrait UIInterfaceOrientationPortraitUpsideDown UIInterfaceOrientationLandscapeLeft UIInterfaceOrientationLandscapeRight";
				INFOPLIST_KEY_UISupportedInterfaceOrientations_iPhone = "UIInterfaceOrientationPortrait UIInterfaceOrientationLandscapeLeft UIInterfaceOrientationLandscapeRight";
				IPHONEOS_DEPLOYMENT_TARGET = 18.2;
				LD_RUNPATH_SEARCH_PATHS = "@executable_path/Frameworks";
				"LD_RUNPATH_SEARCH_PATHS[sdk=macosx*]" = "@executable_path/../Frameworks";
				MACOSX_DEPLOYMENT_TARGET = 15.2;
				MARKETING_VERSION = 1.0;
				PRODUCT_BUNDLE_IDENTIFIER = jerm.flow;
				PRODUCT_NAME = "$(TARGET_NAME)";
				SDKROOT = auto;
				SUPPORTED_PLATFORMS = "iphoneos iphonesimulator macosx xros xrsimulator";
				SWIFT_EMIT_LOC_STRINGS = YES;
				SWIFT_VERSION = 5.0;
				TARGETED_DEVICE_FAMILY = "1,2,7";
				XROS_DEPLOYMENT_TARGET = 2.2;
			};
			name = Debug;
		};
		2231CB112FBEB1CA008D3C43 /* Release */ = {
			isa = XCBuildConfiguration;
			buildSettings = {
				ASSETCATALOG_COMPILER_APPICON_NAME = AppIcon;
				ASSETCATALOG_COMPILER_GLOBAL_ACCENT_COLOR_NAME = AccentColor;
				CODE_SIGN_ENTITLEMENTS = flow/flow.entitlements;
				CODE_SIGN_STYLE = Automatic;
				CURRENT_PROJECT_VERSION = 1;
				DEVELOPMENT_ASSET_PATHS = "\"flow/Preview Content\"";
				ENABLE_PREVIEWS = YES;
				GENERATE_INFOPLIST_FILE = YES;
				"INFOPLIST_KEY_UIApplicationSceneManifest_Generation[sdk=iphoneos*]" = YES;
				"INFOPLIST_KEY_UIApplicationSceneManifest_Generation[sdk=iphonesimulator*]" = YES;
				"INFOPLIST_KEY_UIApplicationSupportsIndirectInputEvents[sdk=iphoneos*]" = YES;
				"INFOPLIST_KEY_UIApplicationSupportsIndirectInputEvents[sdk=iphonesimulator*]" = YES;
				"INFOPLIST_KEY_UILaunchScreen_Generation[sdk=iphoneos*]" = YES;
				"INFOPLIST_KEY_UILaunchScreen_Generation[sdk=iphonesimulator*]" = YES;
				"INFOPLIST_KEY_UIStatusBarStyle[sdk=iphoneos*]" = UIStatusBarStyleDefault;
				"INFOPLIST_KEY_UIStatusBarStyle[sdk=iphonesimulator*]" = UIStatusBarStyleDefault;
				INFOPLIST_KEY_UISupportedInterfaceOrientations_iPad = "UIInterfaceOrientationPortrait UIInterfaceOrientationPortraitUpsideDown UIInterfaceOrientationLandscapeLeft UIInterfaceOrientationLandscapeRight";
				INFOPLIST_KEY_UISupportedInterfaceOrientations_iPhone = "UIInterfaceOrientationPortrait UIInterfaceOrientationLandscapeLeft UIInterfaceOrientationLandscapeRight";
				IPHONEOS_DEPLOYMENT_TARGET = 18.2;
				LD_RUNPATH_SEARCH_PATHS = "@executable_path/Frameworks";
				"LD_RUNPATH_SEARCH_PATHS[sdk=macosx*]" = "@executable_path/../Frameworks";
				MACOSX_DEPLOYMENT_TARGET = 15.2;
				MARKETING_VERSION = 1.0;
				PRODUCT_BUNDLE_IDENTIFIER = jerm.flow;
				PRODUCT_NAME = "$(TARGET_NAME)";
				SDKROOT = auto;
				SUPPORTED_PLATFORMS = "iphoneos iphonesimulator macosx xros xrsimulator";
				SWIFT_EMIT_LOC_STRINGS = YES;
				SWIFT_VERSION = 5.0;
				TARGETED_DEVICE_FAMILY = "1,2,7";
				XROS_DEPLOYMENT_TARGET = 2.2;
			};
			name = Release;
		};
		2231CB132FBEB1CA008D3C43 /* Debug */ = {
			isa = XCBuildConfiguration;
			buildSettings = {
				BUNDLE_LOADER = "$(TEST_HOST)";
				CODE_SIGN_STYLE = Automatic;
				CURRENT_PROJECT_VERSION = 1;
				GENERATE_INFOPLIST_FILE = YES;
				IPHONEOS_DEPLOYMENT_TARGET = 18.2;
				MACOSX_DEPLOYMENT_TARGET = 15.2;
				MARKETING_VERSION = 1.0;
				PRODUCT_BUNDLE_IDENTIFIER = jerm.flowTests;
				PRODUCT_NAME = "$(TARGET_NAME)";
				SDKROOT = auto;
				SUPPORTED_PLATFORMS = "iphoneos iphonesimulator macosx xros xrsimulator";
				SWIFT_EMIT_LOC_STRINGS = NO;
				SWIFT_VERSION = 5.0;
				TARGETED_DEVICE_FAMILY = "1,2,7";
				TEST_HOST = "$(BUILT_PRODUCTS_DIR)/flow.app/$(BUNDLE_EXECUTABLE_FOLDER_PATH)/flow";
				XROS_DEPLOYMENT_TARGET = 2.2;
			};
			name = Debug;
		};
		2231CB142FBEB1CA008D3C43 /* Release */ = {
			isa = XCBuildConfiguration;
			buildSettings = {
				BUNDLE_LOADER = "$(TEST_HOST)";
				CODE_SIGN_STYLE = Automatic;
				CURRENT_PROJECT_VERSION = 1;
				GENERATE_INFOPLIST_FILE = YES;
				IPHONEOS_DEPLOYMENT_TARGET = 18.2;
				MACOSX_DEPLOYMENT_TARGET = 15.2;
				MARKETING_VERSION = 1.0;
				PRODUCT_BUNDLE_IDENTIFIER = jerm.flowTests;
				PRODUCT_NAME = "$(TARGET_NAME)";
				SDKROOT = auto;
				SUPPORTED_PLATFORMS = "iphoneos iphonesimulator macosx xros xrsimulator";
				SWIFT_EMIT_LOC_STRINGS = NO;
				SWIFT_VERSION = 5.0;
				TARGETED_DEVICE_FAMILY = "1,2,7";
				TEST_HOST = "$(BUILT_PRODUCTS_DIR)/flow.app/$(BUNDLE_EXECUTABLE_FOLDER_PATH)/flow";
				XROS_DEPLOYMENT_TARGET = 2.2;
			};
			name = Release;
		};
		2231CB162FBEB1CA008D3C43 /* Debug */ = {
			isa = XCBuildConfiguration;
			buildSettings = {
				CODE_SIGN_STYLE = Automatic;
				CURRENT_PROJECT_VERSION = 1;
				GENERATE_INFOPLIST_FILE = YES;
				IPHONEOS_DEPLOYMENT_TARGET = 18.2;
				MACOSX_DEPLOYMENT_TARGET = 15.2;
				MARKETING_VERSION = 1.0;
				PRODUCT_BUNDLE_IDENTIFIER = jerm.flowUITests;
				PRODUCT_NAME = "$(TARGET_NAME)";
				SDKROOT = auto;
				SUPPORTED_PLATFORMS = "iphoneos iphonesimulator macosx xros xrsimulator";
				SWIFT_EMIT_LOC_STRINGS = NO;
				SWIFT_VERSION = 5.0;
				TARGETED_DEVICE_FAMILY = "1,2,7";
				TEST_TARGET_NAME = flow;
				XROS_DEPLOYMENT_TARGET = 2.2;
			};
			name = Debug;
		};
		2231CB172FBEB1CA008D3C43 /* Release */ = {
			isa = XCBuildConfiguration;
			buildSettings = {
				CODE_SIGN_STYLE = Automatic;
				CURRENT_PROJECT_VERSION = 1;
				GENERATE_INFOPLIST_FILE = YES;
				IPHONEOS_DEPLOYMENT_TARGET = 18.2;
				MACOSX_DEPLOYMENT_TARGET = 15.2;
				MARKETING_VERSION = 1.0;
				PRODUCT_BUNDLE_IDENTIFIER = jerm.flowUITests;
				PRODUCT_NAME = "$(TARGET_NAME)";
				SDKROOT = auto;
				SUPPORTED_PLATFORMS = "iphoneos iphonesimulator macosx xros xrsimulator";
				SWIFT_EMIT_LOC_STRINGS = NO;
				SWIFT_VERSION = 5.0;
				TARGETED_DEVICE_FAMILY = "1,2,7";
				TEST_TARGET_NAME = flow;
				XROS_DEPLOYMENT_TARGET = 2.2;
			};
			name = Release;
		};
/* End XCBuildConfiguration section */

/* Begin XCConfigurationList section */
		2231CAE52FBEB1C8008D3C43 /* Build configuration list for PBXProject "flow" */ = {
			isa = XCConfigurationList;
			buildConfigurations = (
				2231CB0D2FBEB1CA008D3C43 /* Debug */,
				2231CB0E2FBEB1CA008D3C43 /* Release */,
			);
			defaultConfigurationIsVisible = 0;
			defaultConfigurationName = Release;
		};
		2231CB0F2FBEB1CA008D3C43 /* Build configuration list for PBXNativeTarget "flow" */ = {
			isa = XCConfigurationList;
			buildConfigurations = (
				2231CB102FBEB1CA008D3C43 /* Debug */,
				2231CB112FBEB1CA008D3C43 /* Release */,
			);
			defaultConfigurationIsVisible = 0;
			defaultConfigurationName = Release;
		};
		2231CB122FBEB1CA008D3C43 /* Build configuration list for PBXNativeTarget "flowTests" */ = {
			isa = XCConfigurationList;
			buildConfigurations = (
				2231CB132FBEB1CA008D3C43 /* Debug */,
				2231CB142FBEB1CA008D3C43 /* Release */,
			);
			defaultConfigurationIsVisible = 0;
			defaultConfigurationName = Release;
		};
		2231CB152FBEB1CA008D3C43 /* Build configuration list for PBXNativeTarget "flowUITests" */ = {
			isa = XCConfigurationList;
			buildConfigurations = (
				2231CB162FBEB1CA008D3C43 /* Debug */,
				2231CB172FBEB1CA008D3C43 /* Release */,
			);
			defaultConfigurationIsVisible = 0;
			defaultConfigurationName = Release;
		};
/* End XCConfigurationList section */

/* Begin XCRemoteSwiftPackageReference section */
		AAAA000000000000000000A1 /* XCRemoteSwiftPackageReference "automerge-swift" */ = {
			isa = XCRemoteSwiftPackageReference;
			repositoryURL = "https://github.com/automerge/automerge-swift.git";
			requirement = {
				kind = upToNextMajorVersion;
				minimumVersion = 0.7.2;
			};
		};
/* End XCRemoteSwiftPackageReference section */

/* Begin XCSwiftPackageProductDependency section */
		AAAA000000000000000000B1 /* Automerge */ = {
			isa = XCSwiftPackageProductDependency;
			package = AAAA000000000000000000A1 /* XCRemoteSwiftPackageReference "automerge-swift" */;
			productName = Automerge;
		};
		AAAA000000000000000000B2 /* Automerge */ = {
			isa = XCSwiftPackageProductDependency;
			package = AAAA000000000000000000A1 /* XCRemoteSwiftPackageReference "automerge-swift" */;
			productName = Automerge;
		};
/* End XCSwiftPackageProductDependency section */
	};
	rootObject = 2231CAE22FBEB1C8008D3C43 /* Project object */;
}
